
Microsoft Visual Studio Solution File, Format Version 12.00
# Visual Studio Version 17
VisualStudioVersion = 17.4.33205.214
MinimumVisualStudioVersion = 10.0.40219.1
Project("{FAE04EC0-301F-11D3-BF4B-00C04F79EFBC}") = "PaginaWeb", "PaginaWeb\PaginaWeb.csproj", "{746C7B17-5BB5-4D38-8484-1578AD290B78}"
EndProject
Project("{FAE04EC0-301F-11D3-BF4B-00C04F79EFBC}") = "CapaDatos", "CapaDatos\CapaDatos.csproj", "{023D1354-8487-4AE8-A13B-5B0C130CEE3A}"
EndProject
Project("{FAE04EC0-301F-11D3-BF4B-00C04F79EFBC}") = "CapaEntidad", "CapaEntidad\CapaEntidad.csproj", "{A4FE7AB3-6924-48F3-A73B-08BEA225F987}"
EndProject
Project("{FAE04EC0-301F-11D3-BF4B-00C04F79EFBC}") = "CapaLogica", "CapaLogica\CapaLogica.csproj", "{A6A8681F-384A-4867-9937-240423BA11F8}"
EndProject
Global
	GlobalSection(SolutionConfigurationPlatforms) = preSolution
		Debug|Any CPU = Debug|Any CPU
		Release|Any CPU = Release|Any CPU
	EndGlobalSection
	GlobalSection(ProjectConfigurationPlatforms) = postSolution
		{746C7B17-5BB5-4D38-8484-1578AD290B78}.Debug|Any CPU.ActiveCfg = Debug|Any CPU
		{746C7B17-5BB5-4D38-8484-1578AD290B78}.Debug|Any CPU.Build.0 = Debug|Any CPU
		{746C7B17-5BB5-4D38-8484-1578AD290B78}.Release|Any CPU.ActiveCfg = Release|Any CPU
		{746C7B17-5BB5-4D38-8484-1578AD290B78}.Release|Any CPU.Build.0 = Release|Any CPU
		{023D1354-8487-4AE8-A13B-5B0C130CEE3A}.Debug|Any CPU.ActiveCfg = Debug|Any CPU
		{023D1354-8487-4AE8-A13B-5B0C130CEE3A}.Debug|Any CPU.Build.0 = Debug|Any CPU
		{023D1354-8487-4AE8-A13B-5B0C130CEE3A}.Release|Any CPU.ActiveCfg = Release|Any CPU
		{023D1354-8487-4AE8-A13B-5B0C130CEE3A}.Release|Any CPU.Build.0 = Release|Any CPU
		{A4FE7AB3-6924-48F3-A73B-08BEA225F987}.Debug|Any CPU.ActiveCfg = Debug|Any CPU
		{A4FE7AB3-6924-48F3-A73B-08BEA225F987}.Debug|Any CPU.Build.0 = Debug|Any CPU
		{A4FE7AB3-6924-48F3-A73B-08BEA225F987}.Release|Any CPU.ActiveCfg = Release|Any CPU
		{A4FE7AB3-6924-48F3-A73B-08BEA225F987}.Release|Any CPU.Build.0 = Release|Any CPU
		{A6A8681F-384A-4867-9937-240423BA11F8}.Debug|Any CPU.ActiveCfg = Debug|Any CPU
		{A6A8681F-384A-4867-9937-240423BA11F8}.Debug|Any CPU.Build.0 = Debug|Any CPU
		{A6A8681F-384A-4867-9937-240423BA11F8}.Release|Any CPU.ActiveCfg = Release|Any CPU
		{A6A8681F-384A-4867-9937-240423BA11F8}.Release|Any CPU.Build.0 = Release|Any CPU
	EndGlobalSection
	GlobalSection(SolutionProperties) = preSolution
		HideSolutionNode = FALSE
	EndGlobalSection
	GlobalSection(ExtensibilityGlobals) = postSolution
		SolutionGuid = {C58069FC-6F4E-41F2-838C-6C234A6660BA}
	EndGlobalSection
EndGlobal
